<?xml version="1.0" encoding="UTF-8" standalone="yes" ?>
<CodeBlocks_project_file>
	<FileVersion major="1" minor="6" />
	<Project>
		<Option title="pun8" />
		<Option pch_mode="2" />
		<Option compiler="gcc" />
		<Build>
			<Target title="Release">
				<Option output="./pun8" prefix_auto="1" extension_auto="1" />
				<Option object_output="obj/Release/" />
				<Option type="3" />
				<Option compiler="gcc" />
				<Compiler>
					<Add option="-O2" />
					<Add option="-std=c++1z" />
					<Add option="-fPIC" />
				</Compiler>
				<Linker>
					<Add option="-s" />
					<Add library="phpcpp" />
					<Add library="pcre2-8" />
				</Linker>
			</Target>
		</Build>
		<Compiler>
			<Add option="-Wall" />
			<Add option="-fexceptions" />
		</Compiler>
		<Unit filename="Makefile">
			<Option target="&lt;{~None~}&gt;" />
		</Unit>
		<Unit filename="idlist.cpp" />
		<Unit filename="idlist.h" />
		<Unit filename="keytable.cpp" />
		<Unit filename="keytable.h" />
		<Unit filename="main.cpp" />
		<Unit filename="parameter.cpp" />
		<Unit filename="parameter.h" />
		<Unit filename="pcre8.cpp" />
		<Unit filename="pcre8.h" />
		<Unit filename="pcre8_imp.cpp" />
		<Unit filename="pcre8_imp.h" />
		<Unit filename="pun8.ini" />
		<Unit filename="puntype.cpp" />
		<Unit filename="puntype.h" />
		<Unit filename="re8map.cpp" />
		<Unit filename="re8map.h" />
		<Unit filename="recap8.cpp" />
		<Unit filename="recap8.h" />
		<Unit filename="text.cpp" />
		<Unit filename="text.h" />
		<Unit filename="token8.cpp" />
		<Unit filename="token8.h" />
		<Unit filename="token8stream.cpp" />
		<Unit filename="token8stream.h" />
		<Unit filename="tomlbase.cpp" />
		<Unit filename="tomlbase.h" />
		<Unit filename="tomlreader.cpp" />
		<Unit filename="tomlreader.h" />
		<Unit filename="ucode8.cpp" />
		<Unit filename="ucode8.h" />
		<Unit filename="ustr8.cpp" />
		<Unit filename="ustr8.h" />
		<Unit filename="ustr_data.cpp" />
		<Unit filename="ustr_data.h" />
		<Unit filename="valuelist.cpp" />
		<Unit filename="valuelist.h" />
		<Extensions>
			<code_completion />
			<debugger />
		</Extensions>
	</Project>
</CodeBlocks_project_file>
